// !$*UTF8*$!
{
	archiveVersion = 1;
	classes = {
	};
	objectVersion = 50;
	objects = {

/* Begin PBXBuildFile section */
		C83E8BB225CF696900621E90 /* AppDelegate.swift in Sources */ = {isa = PBXBuildFile; fileRef = C83E8BB125CF696900621E90 /* AppDelegate.swift */; };
		C83E8BB425CF696900621E90 /* GameScene.sks in Resources */ = {isa = PBXBuildFile; fileRef = C83E8BB325CF696900621E90 /* GameScene.sks */; };
		C83E8BB625CF696900621E90 /* Actions.sks in Resources */ = {isa = PBXBuildFile; fileRef = C83E8BB525CF696900621E90 /* Actions.sks */; };
		C83E8BB825CF696900621E90 /* GameScene.swift in Sources */ = {isa = PBXBuildFile; fileRef = C83E8BB725CF696900621E90 /* GameScene.swift */; };
		C83E8BBA25CF696900621E90 /* GameViewController.swift in Sources */ = {isa = PBXBuildFile; fileRef = C83E8BB925CF696900621E90 /* GameViewController.swift */; };
		C83E8BBD25CF696900621E90 /* Main.storyboard in Resources */ = {isa = PBXBuildFile; fileRef = C83E8BBB25CF696900621E90 /* Main.storyboard */; };
		C83E8BBF25CF696A00621E90 /* Assets.xcassets in Resources */ = {isa = PBXBuildFile; fileRef = C83E8BBE25CF696A00621E90 /* Assets.xcassets */; };
		C83E8BC225CF696A00621E90 /* LaunchScreen.storyboard in Resources */ = {isa = PBXBuildFile; fileRef = C83E8BC025CF696A00621E90 /* LaunchScreen.storyboard */; };
/* End PBXBuildFile section */

/* Begin PBXFileReference section */
		C83E8BAE25CF696900621E90 /* ICE2-IOS.app */ = {isa = PBXFileReference; explicitFileType = wrapper.application; includeInIndex = 0; path = "ICE2-IOS.app"; sourceTree = BUILT_PRODUCTS_DIR; };
		C83E8BB125CF696900621E90 /* AppDelegate.swift */ = {isa = PBXFileReference; lastKnownFileType = sourcecode.swift; path = AppDelegate.swift; sourceTree = "<group>"; };
		C83E8BB325CF696900621E90 /* GameScene.sks */ = {isa = PBXFileReference; lastKnownFileType = file.sks; path = GameScene.sks; sourceTree = "<group>"; };
		C83E8BB525CF696900621E90 /* Actions.sks */ = {isa = PBXFileReference; lastKnownFileType = file.sks; path = Actions.sks; sourceTree = "<group>"; };
		C83E8BB725CF696900621E90 /* GameScene.swift */ = {isa = PBXFileReference; lastKnownFileType = sourcecode.swift; path = GameScene.swift; sourceTree = "<group>"; };
		C83E8BB925CF696900621E90 /* GameViewController.swift */ = {isa = PBXFileReference; lastKnownFileType = sourcecode.swift; path = GameViewController.swift; sourceTree = "<group>"; };
		C83E8BBC25CF696900621E90 /* Base */ = {isa = PBXFileReference; lastKnownFileType = file.storyboard; name = Base; path = Base.lproj/Main.storyboard; sourceTree = "<group>"; };
		C83E8BBE25CF696A00621E90 /* Assets.xcassets */ = {isa = PBXFileReference; lastKnownFileType = folder.assetcatalog; path = Assets.xcassets; sourceTree = "<group>"; };
		C83E8BC125CF696A00621E90 /* Base */ = {isa = PBXFileReference; lastKnownFileType = file.storyboard; name = Base; path = Base.lproj/LaunchScreen.storyboard; sourceTree = "<group>"; };
		C83E8BC325CF696A00621E90 /* Info.plist */ = {isa = PBXFileReference; lastKnownFileType = text.plist.xml; path = Info.plist; sourceTree = "<group>"; };
/* End PBXFileReference section */

/* Begin PBXFrameworksBuildPhase section */
		C83E8BAB25CF696900621E90 /* Frameworks */ = {
			isa = PBXFrameworksBuildPhase;
			buildActionMask = 2147483647;
			files = (
			);
			runOnlyForDeploymentPostprocessing = 0;
		};
/* End PBXFrameworksBuildPhase section */

/* Begin PBXGroup section */
		C83E8BA525CF696900621E90 = {
			isa = PBXGroup;
			children = (
				C83E8BB025CF696900621E90 /* ICE2-IOS */,
				C83E8BAF25CF696900621E90 /* Products */,
			);
			sourceTree = "<group>";
		};
		C83E8BAF25CF696900621E90 /* Products */ = {
			isa = PBXGroup;
			children = (
				C83E8BAE25CF696900621E90 /* ICE2-IOS.app */,
			);
			name = Products;
			sourceTree = "<group>";
		};
		C83E8BB025CF696900621E90 /* ICE2-IOS */ = {
			isa = PBXGroup;
			children = (
				C83E8BB125CF696900621E90 /* AppDelegate.swift */,
				C83E8BB325CF696900621E90 /* GameScene.sks */,
				C83E8BB525CF696900621E90 /* Actions.sks */,
				C83E8BB725CF696900621E90 /* GameScene.swift */,
				C83E8BB925CF696900621E90 /* GameViewController.swift */,
				C83E8BBB25CF696900621E90 /* Main.storyboard */,
				C83E8BBE25CF696A00621E90 /* Assets.xcassets */,
				C83E8BC025CF696A00621E90 /* LaunchScreen.storyboard */,
				C83E8BC325CF696A00621E90 /* Info.plist */,
			);
			path = "ICE2-IOS";
			sourceTree = "<group>";
		};
/* End PBXGroup section */

/* Begin PBXNativeTarget section */
		C83E8BAD25CF696900621E90 /* ICE2-IOS */ = {
			isa = PBXNativeTarget;
			buildConfigurationList = C83E8BC625CF696A00621E90 /* Build configuration list for PBXNativeTarget "ICE2-IOS" */;
			buildPhases = (
				C83E8BAA25CF696900621E90 /* Sources */,
				C83E8BAB25CF696900621E90 /* Frameworks */,
				C83E8BAC25CF696900621E90 /* Resources */,
			);
			buildRules = (
			);
			dependencies = (
			);
			name = "ICE2-IOS";
			productName = "ICE2-IOS";
			productReference = C83E8BAE25CF696900621E90 /* ICE2-IOS.app */;
			productType = "com.apple.product-type.application";
		};
/* End PBXNativeTarget section */

/* Begin PBXProject section */
		C83E8BA625CF696900621E90 /* Project object */ = {
			isa = PBXProject;
			attributes = {
				LastSwiftUpdateCheck = 1170;
				LastUpgradeCheck = 1170;
				ORGANIZATIONNAME = "Juliana de Carvalho";
				TargetAttributes = {
					C83E8BAD25CF696900621E90 = {
						CreatedOnToolsVersion = 11.7;
					};
				};
			};
			buildConfigurationList = C83E8BA925CF696900621E90 /* Build configuration list for PBXProject "ICE2-IOS" */;
			compatibilityVersion = "Xcode 9.3";
			developmentRegion = en;
			hasScannedForEncodings = 0;
			knownRegions = (
				en,
				Base,
			);
			mainGroup = C83E8BA525CF696900621E90;
			productRefGroup = C83E8BAF25CF696900621E90 /* Products */;
			projectDirPath = "";
			projectRoot = "";
			targets = (
				C83E8BAD25CF696900621E90 /* ICE2-IOS */,
			);
		};
/* End PBXProject section */

/* Begin PBXResourcesBuildPhase section */
		C83E8BAC25CF696900621E90 /* Resources */ = {
			isa = PBXResourcesBuildPhase;
			buildActionMask = 2147483647;
			files = (
				C83E8BBD25CF696900621E90 /* Main.storyboard in Resources */,
				C83E8BB425CF696900621E90 /* GameScene.sks in Resources */,
				C83E8BBF25CF696A00621E90 /* Assets.xcassets in Resources */,
				C83E8BC225CF696A00621E90 /* LaunchScreen.storyboard in Resources */,
				C83E8BB625CF696900621E90 /* Actions.sks in Resources */,
			);
			runOnlyForDeploymentPostprocessing = 0;
		};
/* End PBXResourcesBuildPhase section */

/* Begin PBXSourcesBuildPhase section */
		C83E8BAA25CF696900621E90 /* Sources */ = {
			isa = PBXSourcesBuildPhase;
			buildActionMask = 2147483647;
			files = (
				C83E8BB825CF696900621E90 /* GameScene.swift in Sources */,
				C83E8BBA25CF696900621E90 /* GameViewController.swift in Sources */,
				C83E8BB225CF696900621E90 /* AppDelegate.swift in Sources */,
			);
			runOnlyForDeploymentPostprocessing = 0;
		};
/* End PBXSourcesBuildPhase section */

/* Begin PBXVariantGroup section */
		C83E8BBB25CF696900621E90 /* Main.storyboard */ = {
			isa = PBXVariantGroup;
			children = (
				C83E8BBC25CF696900621E90 /* Base */,
			);
			name = Main.storyboard;
			sourceTree = "<group>";
		};
		C83E8BC025CF696A00621E90 /* LaunchScreen.storyboard */ = {
			isa = PBXVariantGroup;
			children = (
				C83E8BC125CF696A00621E90 /* Base */,
			);
			name = LaunchScreen.storyboard;
			sourceTree = "<group>";
		};
/* End PBXVariantGroup section */

/* Begin XCBuildConfiguration section */
		C83E8BC425CF696A00621E90 /* Debug */ = {
			isa = XCBuildConfiguration;
			buildSettings = {
				ALWAYS_SEARCH_USER_PATHS = NO;
				CLANG_ANALYZER_NONNULL = YES;
				CLANG_ANALYZER_NUMBER_OBJECT_CONVERSION = YES_AGGRESSIVE;
				CLANG_CXX_LANGUAGE_STANDARD = "gnu++14";
				CLANG_CXX_LIBRARY = "libc++";
				CLANG_ENABLE_MODULES = YES;
				CLANG_ENABLE_OBJC_ARC = YES;
				CLANG_ENABLE_OBJC_WEAK = YES;
				CLANG_WARN_BLOCK_CAPTURE_AUTORELEASING = YES;
				CLANG_WARN_BOOL_CONVERSION = YES;
				CLANG_WARN_COMMA = YES;
				CLANG_WARN_CONSTANT_CONVERSION = YES;
				CLANG_WARN_DEPRECATED_OBJC_IMPLEMENTATIONS = YES;
				CLANG_WARN_DIRECT_OBJC_ISA_USAGE = YES_ERROR;
				CLANG_WARN_DOCUMENTATION_COMMENTS = YES;
				CLANG_WARN_EMPTY_BODY = YES;
				CLANG_WARN_ENUM_CONVERSION = YES;
				CLANG_WARN_INFINITE_RECURSION = YES;
				CLANG_WARN_INT_CONVERSION = YES;
				CLANG_WARN_NON_LITERAL_NULL_CONVERSION = YES;
				CLANG_WARN_OBJC_IMPLICIT_RETAIN_SELF = YES;
				CLANG_WARN_OBJC_LITERAL_CONVERSION = YES;
				CLANG_WARN_OBJC_ROOT_CLASS = YES_ERROR;
				CLANG_WARN_RANGE_LOOP_ANALYSIS = YES;
				CLANG_WARN_STRICT_PROTOTYPES = YES;
				CLANG_WARN_SUSPICIOUS_MOVE = YES;
				CLANG_WARN_UNGUARDED_AVAILABILITY = YES_AGGRESSIVE;
				CLANG_WARN_UNREACHABLE_CODE = YES;
				CLANG_WARN__DUPLICATE_METHOD_MATCH = YES;
				COPY_PHASE_STRIP = NO;
				DEBUG_INFORMATION_FORMAT = dwarf;
				ENABLE_STRICT_OBJC_MSGSEND = YES;
				ENABLE_TESTABILITY = YES;
				GCC_C_LANGUAGE_STANDARD = gnu11;
				GCC_DYNAMIC_NO_PIC = NO;
				GCC_NO_COMMON_BLOCKS = YES;
				GCC_OPTIMIZATION_LEVEL = 0;
				GCC_PREPROCESSOR_DEFINITIONS = (
					"DEBUG=1",
					"$(inherited)",
				);
				GCC_WARN_64_TO_32_BIT_CONVERSION = YES;
				GCC_WARN_ABOUT_RETURN_TYPE = YES_ERROR;
				GCC_WARN_UNDECLARED_SELECTOR = YES;
				GCC_WARN_UNINITIALIZED_AUTOS = YES_AGGRESSIVE;
				GCC_WARN_UNUSED_FUNCTION = YES;
				GCC_WARN_UNUSED_VARIABLE = YES;
				IPHONEOS_DEPLOYMENT_TARGET = 13.7;
				MTL_ENABLE_DEBUG_INFO = INCLUDE_SOURCE;
				MTL_FAST_MATH = YES;
				ONLY_ACTIVE_ARCH = YES;
				SDKROOT = iphoneos;
				SWIFT_ACTIVE_COMPILATION_CONDITIONS = DEBUG;
				SWIFT_OPTIMIZATION_LEVEL = "-Onone";
			};
			name = Debug;
		};
		C83E8BC525CF696A00621E90 /* Release */ = {
			isa = XCBuildConfiguration;
			buildSettings = {
				ALWAYS_SEARCH_USER_PATHS = NO;
				CLANG_ANALYZER_NONNULL = YES;
				CLANG_ANALYZER_NUMBER_OBJECT_CONVERSION = YES_AGGRESSIVE;
				CLANG_CXX_LANGUAGE_STANDARD = "gnu++14";
				CLANG_CXX_LIBRARY = "libc++";
				CLANG_ENABLE_MODULES = YES;
				CLANG_ENABLE_OBJC_ARC = YES;
				CLANG_ENABLE_OBJC_WEAK = YES;
				CLANG_WARN_BLOCK_CAPTURE_AUTORELEASING = YES;
				CLANG_WARN_BOOL_CONVERSION = YES;
				CLANG_WARN_COMMA = YES;
				CLANG_WARN_CONSTANT_CONVERSION = YES;
				CLANG_WARN_DEPRECATED_OBJC_IMPLEMENTATIONS = YES;
				CLANG_WARN_DIRECT_OBJC_ISA_USAGE = YES_ERROR;
				CLANG_WARN_DOCUMENTATION_COMMENTS = YES;
				CLANG_WARN_EMPTY_BODY = YES;
				CLANG_WARN_ENUM_CONVERSION = YES;
				CLANG_WARN_INFINITE_RECURSION = YES;
				CLANG_WARN_INT_CONVERSION = YES;
				CLANG_WARN_NON_LITERAL_NULL_CONVERSION = YES;
				CLANG_WARN_OBJC_IMPLICIT_RETAIN_SELF = YES;
				CLANG_WARN_OBJC_LITERAL_CONVERSION = YES;
				CLANG_WARN_OBJC_ROOT_CLASS = YES_ERROR;
				CLANG_WARN_RANGE_LOOP_ANALYSIS = YES;
				CLANG_WARN_STRICT_PROTOTYPES = YES;
				CLANG_WARN_SUSPICIOUS_MOVE = YES;
				CLANG_WARN_UNGUARDED_AVAILABILITY = YES_AGGRESSIVE;
				CLANG_WARN_UNREACHABLE_CODE = YES;
				CLANG_WARN__DUPLICATE_METHOD_MATCH = YES;
				COPY_PHASE_STRIP = NO;
				DEBUG_INFORMATION_FORMAT = "dwarf-with-dsym";
				ENABLE_NS_ASSERTIONS = NO;
				ENABLE_STRICT_OBJC_MSGSEND = YES;
				GCC_C_LANGUAGE_STANDARD = gnu11;
				GCC_NO_COMMON_BLOCKS = YES;
				GCC_WARN_64_TO_32_BIT_CONVERSION = YES;
				GCC_WARN_ABOUT_RETURN_TYPE = YES_ERROR;
				GCC_WARN_UNDECLARED_SELECTOR = YES;
				GCC_WARN_UNINITIALIZED_AUTOS = YES_AGGRESSIVE;
				GCC_WARN_UNUSED_FUNCTION = YES;
				GCC_WARN_UNUSED_VARIABLE = YES;
				IPHONEOS_DEPLOYMENT_TARGET = 13.7;
				MTL_ENABLE_DEBUG_INFO = NO;
				MTL_FAST_MATH = YES;
				SDKROOT = iphoneos;
				SWIFT_COMPILATION_MODE = wholemodule;
				SWIFT_OPTIMIZATION_LEVEL = "-O";
				VALIDATE_PRODUCT = YES;
			};
			name = Release;
		};
		C83E8BC725CF696A00621E90 /* Debug */ = {
			isa = XCBuildConfiguration;
			buildSettings = {
				ASSETCATALOG_COMPILER_APPICON_NAME = AppIcon;
				CODE_SIGN_STYLE = Automatic;
				INFOPLIST_FILE = "ICE2-IOS/Info.plist";
				LD_RUNPATH_SEARCH_PATHS = (
					"$(inherited)",
					"@executable_path/Frameworks",
				);
				PRODUCT_BUNDLE_IDENTIFIER = "julianaCarvalho.ICE2-IOS";
				PRODUCT_NAME = "$(TARGET_NAME)";
				SWIFT_VERSION = 5.0;
				TARGETED_DEVICE_FAMILY = "1,2";
			};
			name = Debug;
		};
		C83E8BC825CF696A00621E90 /* Release */ = {
			isa = XCBuildConfiguration;
			buildSettings = {
				ASSETCATALOG_COMPILER_APPICON_NAME = AppIcon;
				CODE_SIGN_STYLE = Automatic;
				INFOPLIST_FILE = "ICE2-IOS/Info.plist";
				LD_RUNPATH_SEARCH_PATHS = (
					"$(inherited)",
					"@executable_path/Frameworks",
				);
				PRODUCT_BUNDLE_IDENTIFIER = "julianaCarvalho.ICE2-IOS";
				PRODUCT_NAME = "$(TARGET_NAME)";
				SWIFT_VERSION = 5.0;
				TARGETED_DEVICE_FAMILY = "1,2";
			};
			name = Release;
		};
/* End XCBuildConfiguration section */

/* Begin XCConfigurationList section */
		C83E8BA925CF696900621E90 /* Build configuration list for PBXProject "ICE2-IOS" */ = {
			isa = XCConfigurationList;
			buildConfigurations = (
				C83E8BC425CF696A00621E90 /* Debug */,
				C83E8BC525CF696A00621E90 /* Release */,
			);
			defaultConfigurationIsVisible = 0;
			defaultConfigurationName = Release;
		};
		C83E8BC625CF696A00621E90 /* Build configuration list for PBXNativeTarget "ICE2-IOS" */ = {
			isa = XCConfigurationList;
			buildConfigurations = (
				C83E8BC725CF696A00621E90 /* Debug */,
				C83E8BC825CF696A00621E90 /* Release */,
			);
			defaultConfigurationIsVisible = 0;
			defaultConfigurationName = Release;
		};
/* End XCConfigurationList section */
	};
	rootObject = C83E8BA625CF696900621E90 /* Project object */;
}
